
Microsoft Visual Studio Solution File, Format Version 12.00
# Visual Studio Version 17
VisualStudioVersion = 17.5.002.0
MinimumVisualStudioVersion = 10.0.40219.1
Project("{9A19103F-16F7-4668-BE54-9A1E7A4F7556}") = "to_do_list-cs", "to_do_list-cs.csproj", "{86071977-ED87-481D-8168-FD850C7A99B2}"
EndProject
Global
	GlobalSection(SolutionConfigurationPlatforms) = preSolution
		Debug|Any CPU = Debug|Any CPU
		Release|Any CPU = Release|Any CPU
	EndGlobalSection
	GlobalSection(ProjectConfigurationPlatforms) = postSolution
		{86071977-ED87-481D-8168-FD850C7A99B2}.Debug|Any CPU.ActiveCfg = Debug|Any CPU
		{86071977-ED87-481D-8168-FD850C7A99B2}.Debug|Any CPU.Build.0 = Debug|Any CPU
		{86071977-ED87-481D-8168-FD850C7A99B2}.Release|Any CPU.ActiveCfg = Release|Any CPU
		{86071977-ED87-481D-8168-FD850C7A99B2}.Release|Any CPU.Build.0 = Release|Any CPU
	EndGlobalSection
	GlobalSection(SolutionProperties) = preSolution
		HideSolutionNode = FALSE
	EndGlobalSection
	GlobalSection(ExtensibilityGlobals) = postSolution
		SolutionGuid = {D26A657F-33A0-4016-9B29-F05AD49B101F}
	EndGlobalSection
EndGlobal
